dependencies:
  idf:
    source:
      type: idf
    version: 5.4.1
  wamr:
    component_hash: a90fdfb574b9a209350da2d8f26efc2438e4304a8b9d7e05281d526cc7a76090
    dependencies:
    - name: idf
      version: '>=4.4'
    source:
      git: https://github.com/bytecodealliance/wasm-micro-runtime.git
      path: .
      type: git
    targets:
    - esp32
    - esp32s3
    - esp32c3
    - esp32c6
    - esp32p4
    - esp32c5
    version: 6450d872995e84a5febeac1254cdd80dad3b94c1
direct_dependencies:
- idf
- wamr
manifest_hash: de35dd47020d2511427fc647f30b3710d1c79e9b2da2ad3c6ec16fd126bf511d
target: esp32c3
version: 2.0.0
